{"filter":false,"title":"package-lock.json","tooltip":"/Clase35RemotaDAW/package-lock.json","undoManager":{"mark":-1,"position":-1,"stack":[]},"ace":{"folds":[],"scrolltop":660,"scrollleft":0,"selection":{"start":{"row":0,"column":0},"end":{"row":0,"column":0},"isBackwards":false},"options":{"guessTabSize":true,"useWrapMode":false,"wrapToView":true},"firstLineState":{"row":46,"state":"start","mode":"ace/mode/json"}},"timestamp":1587590153906,"hash":"0a9c30024f1cd9321d61a35405d6d2688648e7f8"}