{"filter":false,"title":"package-lock.json","tooltip":"/21blackjack/backend/package-lock.json","undoManager":{"mark":-1,"position":-1,"stack":[]},"ace":{"folds":[],"scrolltop":10046,"scrollleft":0,"selection":{"start":{"row":734,"column":54},"end":{"row":734,"column":54},"isBackwards":false},"options":{"guessTabSize":true,"useWrapMode":false,"wrapToView":true},"firstLineState":{"row":716,"state":"start","mode":"ace/mode/json"}},"timestamp":1590274114011,"hash":"775245e2d4f3b7f539d408debe1835a4a388dafe"}